
Microsoft Visual Studio Solution File, Format Version 12.00
# Visual Studio Version 16
VisualStudioVersion = 16.0.29318.209
MinimumVisualStudioVersion = 10.0.40219.1
Project("{FAE04EC0-301F-11D3-BF4B-00C04F79EFBC}") = "EstudoExceptions", "Exceptions\EstudoExceptions.csproj", "{D5B03F93-CDC4-4309-AE8E-FFD218108A1A}"
EndProject
Project("{9A19103F-16F7-4668-BE54-9A1E7A4F7556}") = "EstudoInheritance", "Inheritance\EstudoInheritance.csproj", "{6CAA209A-219A-4FD2-A78F-60197585D8F3}"
EndProject
Project("{9A19103F-16F7-4668-BE54-9A1E7A4F7556}") = "EstudoMethod", "Method\EstudoMethod.csproj", "{870E7BCD-29F4-46E1-9D09-A3B440296345}"
EndProject
Project("{9A19103F-16F7-4668-BE54-9A1E7A4F7556}") = "EstudoClasses", "Classes\EstudoClasses.csproj", "{02D6FA13-4AA1-4C52-B02E-DF2480251684}"
EndProject
Project("{9A19103F-16F7-4668-BE54-9A1E7A4F7556}") = "EstudoManipulacaoString", "StringManipulation\EstudoManipulacaoString.csproj", "{7FADB022-453A-472A-B722-52655E636DEF}"
EndProject
Project("{9A19103F-16F7-4668-BE54-9A1E7A4F7556}") = "EstudoArray", "EstudoList\EstudoArray.csproj", "{FE3C704C-5E4C-45C9-910C-EEBC0264CC46}"
EndProject
Project("{9A19103F-16F7-4668-BE54-9A1E7A4F7556}") = "EstudoLista", "EstudoLista\EstudoLista.csproj", "{2CC5416A-DE08-4AEB-981C-AFEC7FAE579D}"
EndProject
Project("{9A19103F-16F7-4668-BE54-9A1E7A4F7556}") = "EstudoInputOutput", "EstudoInputOutputt\EstudoInputOutput.csproj", "{7AB30949-1BEA-431F-B2CD-DFB9A2E24BAE}"
EndProject
Project("{FAE04EC0-301F-11D3-BF4B-00C04F79EFBC}") = "EstudoEntityFramework", "EstudoEntityFramework\EstudoEntityFramework.csproj", "{D04F5BFB-2BC6-4E05-8F35-5A820E0714B4}"
EndProject
Global
	GlobalSection(SolutionConfigurationPlatforms) = preSolution
		Debug|Any CPU = Debug|Any CPU
		Release|Any CPU = Release|Any CPU
	EndGlobalSection
	GlobalSection(ProjectConfigurationPlatforms) = postSolution
		{D5B03F93-CDC4-4309-AE8E-FFD218108A1A}.Debug|Any CPU.ActiveCfg = Debug|Any CPU
		{D5B03F93-CDC4-4309-AE8E-FFD218108A1A}.Debug|Any CPU.Build.0 = Debug|Any CPU
		{D5B03F93-CDC4-4309-AE8E-FFD218108A1A}.Release|Any CPU.ActiveCfg = Release|Any CPU
		{D5B03F93-CDC4-4309-AE8E-FFD218108A1A}.Release|Any CPU.Build.0 = Release|Any CPU
		{6CAA209A-219A-4FD2-A78F-60197585D8F3}.Debug|Any CPU.ActiveCfg = Debug|Any CPU
		{6CAA209A-219A-4FD2-A78F-60197585D8F3}.Debug|Any CPU.Build.0 = Debug|Any CPU
		{6CAA209A-219A-4FD2-A78F-60197585D8F3}.Release|Any CPU.ActiveCfg = Release|Any CPU
		{6CAA209A-219A-4FD2-A78F-60197585D8F3}.Release|Any CPU.Build.0 = Release|Any CPU
		{870E7BCD-29F4-46E1-9D09-A3B440296345}.Debug|Any CPU.ActiveCfg = Debug|Any CPU
		{870E7BCD-29F4-46E1-9D09-A3B440296345}.Debug|Any CPU.Build.0 = Debug|Any CPU
		{870E7BCD-29F4-46E1-9D09-A3B440296345}.Release|Any CPU.ActiveCfg = Release|Any CPU
		{870E7BCD-29F4-46E1-9D09-A3B440296345}.Release|Any CPU.Build.0 = Release|Any CPU
		{02D6FA13-4AA1-4C52-B02E-DF2480251684}.Debug|Any CPU.ActiveCfg = Debug|Any CPU
		{02D6FA13-4AA1-4C52-B02E-DF2480251684}.Debug|Any CPU.Build.0 = Debug|Any CPU
		{02D6FA13-4AA1-4C52-B02E-DF2480251684}.Release|Any CPU.ActiveCfg = Release|Any CPU
		{02D6FA13-4AA1-4C52-B02E-DF2480251684}.Release|Any CPU.Build.0 = Release|Any CPU
		{7FADB022-453A-472A-B722-52655E636DEF}.Debug|Any CPU.ActiveCfg = Debug|Any CPU
		{7FADB022-453A-472A-B722-52655E636DEF}.Debug|Any CPU.Build.0 = Debug|Any CPU
		{7FADB022-453A-472A-B722-52655E636DEF}.Release|Any CPU.ActiveCfg = Release|Any CPU
		{7FADB022-453A-472A-B722-52655E636DEF}.Release|Any CPU.Build.0 = Release|Any CPU
		{FE3C704C-5E4C-45C9-910C-EEBC0264CC46}.Debug|Any CPU.ActiveCfg = Debug|Any CPU
		{FE3C704C-5E4C-45C9-910C-EEBC0264CC46}.Debug|Any CPU.Build.0 = Debug|Any CPU
		{FE3C704C-5E4C-45C9-910C-EEBC0264CC46}.Release|Any CPU.ActiveCfg = Release|Any CPU
		{FE3C704C-5E4C-45C9-910C-EEBC0264CC46}.Release|Any CPU.Build.0 = Release|Any CPU
		{2CC5416A-DE08-4AEB-981C-AFEC7FAE579D}.Debug|Any CPU.ActiveCfg = Debug|Any CPU
		{2CC5416A-DE08-4AEB-981C-AFEC7FAE579D}.Debug|Any CPU.Build.0 = Debug|Any CPU
		{2CC5416A-DE08-4AEB-981C-AFEC7FAE579D}.Release|Any CPU.ActiveCfg = Release|Any CPU
		{2CC5416A-DE08-4AEB-981C-AFEC7FAE579D}.Release|Any CPU.Build.0 = Release|Any CPU
		{7AB30949-1BEA-431F-B2CD-DFB9A2E24BAE}.Debug|Any CPU.ActiveCfg = Debug|Any CPU
		{7AB30949-1BEA-431F-B2CD-DFB9A2E24BAE}.Debug|Any CPU.Build.0 = Debug|Any CPU
		{7AB30949-1BEA-431F-B2CD-DFB9A2E24BAE}.Release|Any CPU.ActiveCfg = Release|Any CPU
		{7AB30949-1BEA-431F-B2CD-DFB9A2E24BAE}.Release|Any CPU.Build.0 = Release|Any CPU
		{D04F5BFB-2BC6-4E05-8F35-5A820E0714B4}.Debug|Any CPU.ActiveCfg = Debug|Any CPU
		{D04F5BFB-2BC6-4E05-8F35-5A820E0714B4}.Debug|Any CPU.Build.0 = Debug|Any CPU
		{D04F5BFB-2BC6-4E05-8F35-5A820E0714B4}.Release|Any CPU.ActiveCfg = Release|Any CPU
		{D04F5BFB-2BC6-4E05-8F35-5A820E0714B4}.Release|Any CPU.Build.0 = Release|Any CPU
	EndGlobalSection
	GlobalSection(SolutionProperties) = preSolution
		HideSolutionNode = FALSE
	EndGlobalSection
	GlobalSection(ExtensibilityGlobals) = postSolution
		SolutionGuid = {1C45512E-F3D6-4FDB-B508-BFF86AE9B109}
	EndGlobalSection
EndGlobal
